
Microsoft Visual Studio Solution File, Format Version 12.00
# Visual Studio 14
VisualStudioVersion = 14.0.25123.0
MinimumVisualStudioVersion = 10.0.40219.1
Project("{FAE04EC0-301F-11D3-BF4B-00C04F79EFBC}") = "NLI-Database-SIML", "NLI-Database-SIML\NLI-Database-SIML.csproj", "{14DC188F-DAC0-4E20-AB89-FDD82C218F64}"
EndProject
Project("{FAE04EC0-301F-11D3-BF4B-00C04F79EFBC}") = "NLI-Database-Oscova", "NLI-Database-Oscova\NLI-Database-Oscova.csproj", "{067B1A1D-4A4B-42E6-8ED3-271EF6748292}"
EndProject
Global
	GlobalSection(SolutionConfigurationPlatforms) = preSolution
		Debug|Any CPU = Debug|Any CPU
		Release|Any CPU = Release|Any CPU
	EndGlobalSection
	GlobalSection(ProjectConfigurationPlatforms) = postSolution
		{14DC188F-DAC0-4E20-AB89-FDD82C218F64}.Debug|Any CPU.ActiveCfg = Debug|Any CPU
		{14DC188F-DAC0-4E20-AB89-FDD82C218F64}.Debug|Any CPU.Build.0 = Debug|Any CPU
		{14DC188F-DAC0-4E20-AB89-FDD82C218F64}.Release|Any CPU.ActiveCfg = Release|Any CPU
		{14DC188F-DAC0-4E20-AB89-FDD82C218F64}.Release|Any CPU.Build.0 = Release|Any CPU
		{067B1A1D-4A4B-42E6-8ED3-271EF6748292}.Debug|Any CPU.ActiveCfg = Debug|Any CPU
		{067B1A1D-4A4B-42E6-8ED3-271EF6748292}.Debug|Any CPU.Build.0 = Debug|Any CPU
		{067B1A1D-4A4B-42E6-8ED3-271EF6748292}.Release|Any CPU.ActiveCfg = Release|Any CPU
		{067B1A1D-4A4B-42E6-8ED3-271EF6748292}.Release|Any CPU.Build.0 = Release|Any CPU
	EndGlobalSection
	GlobalSection(SolutionProperties) = preSolution
		HideSolutionNode = FALSE
	EndGlobalSection
EndGlobal
